// !$*UTF8*$!
{
	archiveVersion = 1;
	classes = {
	};
	objectVersion = 56;
	objects = {

/* Begin PBXBuildFile section */
		4714E57228E370A800184591 /* APIClient.swift in Sources */ = {isa = PBXBuildFile; fileRef = 4714E57128E370A700184591 /* APIClient.swift */; };
		4714E57428E3796900184591 /* APIClientError.swift in Sources */ = {isa = PBXBuildFile; fileRef = 4714E57328E3796900184591 /* APIClientError.swift */; };
		4714E57628E3797B00184591 /* HTTPMethod.swift in Sources */ = {isa = PBXBuildFile; fileRef = 4714E57528E3797B00184591 /* HTTPMethod.swift */; };
		4714E57828E4AE2C00184591 /* PullRequestsListPresenter.swift in Sources */ = {isa = PBXBuildFile; fileRef = 4714E57728E4AE2C00184591 /* PullRequestsListPresenter.swift */; };
		4714E57A28E4AE3A00184591 /* PullRequestsListInteractor.swift in Sources */ = {isa = PBXBuildFile; fileRef = 4714E57928E4AE3A00184591 /* PullRequestsListInteractor.swift */; };
		4714E57E28E4AE6C00184591 /* PullRequestsListProtocols.swift in Sources */ = {isa = PBXBuildFile; fileRef = 4714E57D28E4AE6C00184591 /* PullRequestsListProtocols.swift */; };
		4714E58028E4AE7900184591 /* PullRequestsListConfigurator.swift in Sources */ = {isa = PBXBuildFile; fileRef = 4714E57F28E4AE7900184591 /* PullRequestsListConfigurator.swift */; };
		4714E58328E4AF3200184591 /* PullRequestUseCaseParameter.swift in Sources */ = {isa = PBXBuildFile; fileRef = 4714E58228E4AF3200184591 /* PullRequestUseCaseParameter.swift */; };
		4714E58528E4B04700184591 /* PullRequestData.swift in Sources */ = {isa = PBXBuildFile; fileRef = 4714E58428E4B04700184591 /* PullRequestData.swift */; };
		4714E58828E4B42200184591 /* PullRequestsListTableViewAdapter.swift in Sources */ = {isa = PBXBuildFile; fileRef = 4714E58728E4B42200184591 /* PullRequestsListTableViewAdapter.swift */; };
		4714E58B28E4BD0E00184591 /* PullRequestListTableViewCell.swift in Sources */ = {isa = PBXBuildFile; fileRef = 4714E58928E4BD0E00184591 /* PullRequestListTableViewCell.swift */; };
		4714E58C28E4BD0E00184591 /* PullRequestListTableViewCell.xib in Resources */ = {isa = PBXBuildFile; fileRef = 4714E58A28E4BD0E00184591 /* PullRequestListTableViewCell.xib */; };
		4714E59128E4CD0200184591 /* APIClientInterface.swift in Sources */ = {isa = PBXBuildFile; fileRef = 4714E59028E4CD0200184591 /* APIClientInterface.swift */; };
		4714E59328E4D45800184591 /* ImageDownloader.swift in Sources */ = {isa = PBXBuildFile; fileRef = 4714E59228E4D45800184591 /* ImageDownloader.swift */; };
		4714E59928E4D56D00184591 /* ImageDownloadOperation.swift in Sources */ = {isa = PBXBuildFile; fileRef = 4714E59828E4D56D00184591 /* ImageDownloadOperation.swift */; };
		4714E59D28E4E1FD00184591 /* PullRequestCellViewModel.swift in Sources */ = {isa = PBXBuildFile; fileRef = 4714E59C28E4E1FD00184591 /* PullRequestCellViewModel.swift */; };
		4714E5A028E4E3C900184591 /* EnvironmentVariables.swift in Sources */ = {isa = PBXBuildFile; fileRef = 4714E59F28E4E3C900184591 /* EnvironmentVariables.swift */; };
		4714E5A828E6045700184591 /* GitPRsListTests.swift in Sources */ = {isa = PBXBuildFile; fileRef = 4714E5A728E6045700184591 /* GitPRsListTests.swift */; };
		472D988F28E3678A00B27C0B /* PullRequestsListViewController.swift in Sources */ = {isa = PBXBuildFile; fileRef = 472D988E28E3678A00B27C0B /* PullRequestsListViewController.swift */; };
		472D989128E36A9500B27C0B /* PullRequestUseCase.swift in Sources */ = {isa = PBXBuildFile; fileRef = 472D989028E36A9500B27C0B /* PullRequestUseCase.swift */; };
		47A9624B28E1F6D0004934FF /* AppDelegate.swift in Sources */ = {isa = PBXBuildFile; fileRef = 47A9624A28E1F6D0004934FF /* AppDelegate.swift */; };
		47A9625228E1F6D0004934FF /* Main.storyboard in Resources */ = {isa = PBXBuildFile; fileRef = 47A9625028E1F6D0004934FF /* Main.storyboard */; };
		47A9625428E1F6D1004934FF /* Assets.xcassets in Resources */ = {isa = PBXBuildFile; fileRef = 47A9625328E1F6D1004934FF /* Assets.xcassets */; };
		47A9625728E1F6D1004934FF /* LaunchScreen.storyboard in Resources */ = {isa = PBXBuildFile; fileRef = 47A9625528E1F6D1004934FF /* LaunchScreen.storyboard */; };
/* End PBXBuildFile section */

/* Begin PBXContainerItemProxy section */
		4714E5A928E6045700184591 /* PBXContainerItemProxy */ = {
			isa = PBXContainerItemProxy;
			containerPortal = 47A9623F28E1F6D0004934FF /* Project object */;
			proxyType = 1;
			remoteGlobalIDString = 47A9624628E1F6D0004934FF;
			remoteInfo = GitPRsList;
		};
/* End PBXContainerItemProxy section */

/* Begin PBXFileReference section */
		4714E57128E370A700184591 /* APIClient.swift */ = {isa = PBXFileReference; lastKnownFileType = sourcecode.swift; path = APIClient.swift; sourceTree = "<group>"; };
		4714E57328E3796900184591 /* APIClientError.swift */ = {isa = PBXFileReference; lastKnownFileType = sourcecode.swift; path = APIClientError.swift; sourceTree = "<group>"; };
		4714E57528E3797B00184591 /* HTTPMethod.swift */ = {isa = PBXFileReference; lastKnownFileType = sourcecode.swift; path = HTTPMethod.swift; sourceTree = "<group>"; };
		4714E57728E4AE2C00184591 /* PullRequestsListPresenter.swift */ = {isa = PBXFileReference; lastKnownFileType = sourcecode.swift; path = PullRequestsListPresenter.swift; sourceTree = "<group>"; };
		4714E57928E4AE3A00184591 /* PullRequestsListInteractor.swift */ = {isa = PBXFileReference; lastKnownFileType = sourcecode.swift; path = PullRequestsListInteractor.swift; sourceTree = "<group>"; };
		4714E57D28E4AE6C00184591 /* PullRequestsListProtocols.swift */ = {isa = PBXFileReference; lastKnownFileType = sourcecode.swift; path = PullRequestsListProtocols.swift; sourceTree = "<group>"; };
		4714E57F28E4AE7900184591 /* PullRequestsListConfigurator.swift */ = {isa = PBXFileReference; lastKnownFileType = sourcecode.swift; path = PullRequestsListConfigurator.swift; sourceTree = "<group>"; };
		4714E58228E4AF3200184591 /* PullRequestUseCaseParameter.swift */ = {isa = PBXFileReference; lastKnownFileType = sourcecode.swift; path = PullRequestUseCaseParameter.swift; sourceTree = "<group>"; };
		4714E58428E4B04700184591 /* PullRequestData.swift */ = {isa = PBXFileReference; lastKnownFileType = sourcecode.swift; path = PullRequestData.swift; sourceTree = "<group>"; };
		4714E58728E4B42200184591 /* PullRequestsListTableViewAdapter.swift */ = {isa = PBXFileReference; lastKnownFileType = sourcecode.swift; path = PullRequestsListTableViewAdapter.swift; sourceTree = "<group>"; };
		4714E58928E4BD0E00184591 /* PullRequestListTableViewCell.swift */ = {isa = PBXFileReference; lastKnownFileType = sourcecode.swift; path = PullRequestListTableViewCell.swift; sourceTree = "<group>"; };
		4714E58A28E4BD0E00184591 /* PullRequestListTableViewCell.xib */ = {isa = PBXFileReference; lastKnownFileType = file.xib; path = PullRequestListTableViewCell.xib; sourceTree = "<group>"; };
		4714E59028E4CD0200184591 /* APIClientInterface.swift */ = {isa = PBXFileReference; lastKnownFileType = sourcecode.swift; path = APIClientInterface.swift; sourceTree = "<group>"; };
		4714E59228E4D45800184591 /* ImageDownloader.swift */ = {isa = PBXFileReference; lastKnownFileType = sourcecode.swift; path = ImageDownloader.swift; sourceTree = "<group>"; };
		4714E59828E4D56D00184591 /* ImageDownloadOperation.swift */ = {isa = PBXFileReference; lastKnownFileType = sourcecode.swift; path = ImageDownloadOperation.swift; sourceTree = "<group>"; };
		4714E59C28E4E1FD00184591 /* PullRequestCellViewModel.swift */ = {isa = PBXFileReference; lastKnownFileType = sourcecode.swift; path = PullRequestCellViewModel.swift; sourceTree = "<group>"; };
		4714E59F28E4E3C900184591 /* EnvironmentVariables.swift */ = {isa = PBXFileReference; lastKnownFileType = sourcecode.swift; path = EnvironmentVariables.swift; sourceTree = "<group>"; };
		4714E5A528E6045700184591 /* GitPRsListTests.xctest */ = {isa = PBXFileReference; explicitFileType = wrapper.cfbundle; includeInIndex = 0; path = GitPRsListTests.xctest; sourceTree = BUILT_PRODUCTS_DIR; };
		4714E5A728E6045700184591 /* GitPRsListTests.swift */ = {isa = PBXFileReference; lastKnownFileType = sourcecode.swift; path = GitPRsListTests.swift; sourceTree = "<group>"; };
		472D988E28E3678A00B27C0B /* PullRequestsListViewController.swift */ = {isa = PBXFileReference; lastKnownFileType = sourcecode.swift; path = PullRequestsListViewController.swift; sourceTree = "<group>"; };
		472D989028E36A9500B27C0B /* PullRequestUseCase.swift */ = {isa = PBXFileReference; lastKnownFileType = sourcecode.swift; path = PullRequestUseCase.swift; sourceTree = "<group>"; };
		47A9624728E1F6D0004934FF /* GitPRsList.app */ = {isa = PBXFileReference; explicitFileType = wrapper.application; includeInIndex = 0; path = GitPRsList.app; sourceTree = BUILT_PRODUCTS_DIR; };
		47A9624A28E1F6D0004934FF /* AppDelegate.swift */ = {isa = PBXFileReference; lastKnownFileType = sourcecode.swift; path = AppDelegate.swift; sourceTree = "<group>"; };
		47A9625128E1F6D0004934FF /* Base */ = {isa = PBXFileReference; lastKnownFileType = file.storyboard; name = Base; path = Base.lproj/Main.storyboard; sourceTree = "<group>"; };
		47A9625328E1F6D1004934FF /* Assets.xcassets */ = {isa = PBXFileReference; lastKnownFileType = folder.assetcatalog; path = Assets.xcassets; sourceTree = "<group>"; };
		47A9625628E1F6D1004934FF /* Base */ = {isa = PBXFileReference; lastKnownFileType = file.storyboard; name = Base; path = Base.lproj/LaunchScreen.storyboard; sourceTree = "<group>"; };
		47A9625828E1F6D1004934FF /* Info.plist */ = {isa = PBXFileReference; lastKnownFileType = text.plist.xml; path = Info.plist; sourceTree = "<group>"; };
/* End PBXFileReference section */

/* Begin PBXFrameworksBuildPhase section */
		4714E5A228E6045700184591 /* Frameworks */ = {
			isa = PBXFrameworksBuildPhase;
			buildActionMask = 2147483647;
			files = (
			);
			runOnlyForDeploymentPostprocessing = 0;
		};
		47A9624428E1F6D0004934FF /* Frameworks */ = {
			isa = PBXFrameworksBuildPhase;
			buildActionMask = 2147483647;
			files = (
			);
			runOnlyForDeploymentPostprocessing = 0;
		};
/* End PBXFrameworksBuildPhase section */

/* Begin PBXGroup section */
		4714E57028E3709600184591 /* APIClient */ = {
			isa = PBXGroup;
			children = (
				4714E57128E370A700184591 /* APIClient.swift */,
				4714E57328E3796900184591 /* APIClientError.swift */,
				4714E59028E4CD0200184591 /* APIClientInterface.swift */,
				4714E57528E3797B00184591 /* HTTPMethod.swift */,
			);
			path = APIClient;
			sourceTree = "<group>";
		};
		4714E57B28E4AE4800184591 /* Protocols */ = {
			isa = PBXGroup;
			children = (
				4714E57D28E4AE6C00184591 /* PullRequestsListProtocols.swift */,
			);
			path = Protocols;
			sourceTree = "<group>";
		};
		4714E57C28E4AE5500184591 /* Configurator */ = {
			isa = PBXGroup;
			children = (
				4714E57F28E4AE7900184591 /* PullRequestsListConfigurator.swift */,
			);
			path = Configurator;
			sourceTree = "<group>";
		};
		4714E58128E4AF2000184591 /* Entities */ = {
			isa = PBXGroup;
			children = (
				4714E58228E4AF3200184591 /* PullRequestUseCaseParameter.swift */,
				4714E58428E4B04700184591 /* PullRequestData.swift */,
			);
			path = Entities;
			sourceTree = "<group>";
		};
		4714E58628E4B41100184591 /* Adapter */ = {
			isa = PBXGroup;
			children = (
				4714E58728E4B42200184591 /* PullRequestsListTableViewAdapter.swift */,
			);
			path = Adapter;
			sourceTree = "<group>";
		};
		4714E59428E4D53F00184591 /* Common */ = {
			isa = PBXGroup;
			children = (
				4714E59E28E4E3BA00184591 /* EnvironmentVariables */,
				4714E59728E4D55E00184591 /* ImageDownloader */,
			);
			path = Common;
			sourceTree = "<group>";
		};
		4714E59728E4D55E00184591 /* ImageDownloader */ = {
			isa = PBXGroup;
			children = (
				4714E59228E4D45800184591 /* ImageDownloader.swift */,
				4714E59828E4D56D00184591 /* ImageDownloadOperation.swift */,
			);
			path = ImageDownloader;
			sourceTree = "<group>";
		};
		4714E59A28E4E1DC00184591 /* PullRequestListTableViewCell */ = {
			isa = PBXGroup;
			children = (
				4714E59B28E4E1E800184591 /* ViewModel */,
				4714E58928E4BD0E00184591 /* PullRequestListTableViewCell.swift */,
				4714E58A28E4BD0E00184591 /* PullRequestListTableViewCell.xib */,
			);
			path = PullRequestListTableViewCell;
			sourceTree = "<group>";
		};
		4714E59B28E4E1E800184591 /* ViewModel */ = {
			isa = PBXGroup;
			children = (
				4714E59C28E4E1FD00184591 /* PullRequestCellViewModel.swift */,
			);
			path = ViewModel;
			sourceTree = "<group>";
		};
		4714E59E28E4E3BA00184591 /* EnvironmentVariables */ = {
			isa = PBXGroup;
			children = (
				4714E59F28E4E3C900184591 /* EnvironmentVariables.swift */,
			);
			path = EnvironmentVariables;
			sourceTree = "<group>";
		};
		4714E5A628E6045700184591 /* GitPRsListTests */ = {
			isa = PBXGroup;
			children = (
				4714E5A728E6045700184591 /* GitPRsListTests.swift */,
			);
			path = GitPRsListTests;
			sourceTree = "<group>";
		};
		472D988A28E364E700B27C0B /* PullRequestsList */ = {
			isa = PBXGroup;
			children = (
				4714E58628E4B41100184591 /* Adapter */,
				4714E57C28E4AE5500184591 /* Configurator */,
				4714E58128E4AF2000184591 /* Entities */,
				4714E57B28E4AE4800184591 /* Protocols */,
				472D988C28E3659F00B27C0B /* Scene */,
				472D988D28E365B000B27C0B /* UseCase */,
				472D988B28E3659600B27C0B /* Views */,
			);
			path = PullRequestsList;
			sourceTree = "<group>";
		};
		472D988B28E3659600B27C0B /* Views */ = {
			isa = PBXGroup;
			children = (
				4714E59A28E4E1DC00184591 /* PullRequestListTableViewCell */,
			);
			path = Views;
			sourceTree = "<group>";
		};
		472D988C28E3659F00B27C0B /* Scene */ = {
			isa = PBXGroup;
			children = (
				472D988E28E3678A00B27C0B /* PullRequestsListViewController.swift */,
				4714E57728E4AE2C00184591 /* PullRequestsListPresenter.swift */,
				4714E57928E4AE3A00184591 /* PullRequestsListInteractor.swift */,
			);
			path = Scene;
			sourceTree = "<group>";
		};
		472D988D28E365B000B27C0B /* UseCase */ = {
			isa = PBXGroup;
			children = (
				472D989028E36A9500B27C0B /* PullRequestUseCase.swift */,
			);
			path = UseCase;
			sourceTree = "<group>";
		};
		47A9623E28E1F6D0004934FF = {
			isa = PBXGroup;
			children = (
				47A9624928E1F6D0004934FF /* GitPRsList */,
				4714E5A628E6045700184591 /* GitPRsListTests */,
				47A9624828E1F6D0004934FF /* Products */,
			);
			sourceTree = "<group>";
		};
		47A9624828E1F6D0004934FF /* Products */ = {
			isa = PBXGroup;
			children = (
				47A9624728E1F6D0004934FF /* GitPRsList.app */,
				4714E5A528E6045700184591 /* GitPRsListTests.xctest */,
			);
			name = Products;
			sourceTree = "<group>";
		};
		47A9624928E1F6D0004934FF /* GitPRsList */ = {
			isa = PBXGroup;
			children = (
				4714E57028E3709600184591 /* APIClient */,
				47A9626028E1F9AF004934FF /* AppDelegate */,
				47A9625F28E1F9A1004934FF /* Application */,
				4714E59428E4D53F00184591 /* Common */,
				47A9625E28E1F993004934FF /* Resources */,
			);
			path = GitPRsList;
			sourceTree = "<group>";
		};
		47A9625E28E1F993004934FF /* Resources */ = {
			isa = PBXGroup;
			children = (
				47A9625328E1F6D1004934FF /* Assets.xcassets */,
				47A9625828E1F6D1004934FF /* Info.plist */,
			);
			path = Resources;
			sourceTree = "<group>";
		};
		47A9625F28E1F9A1004934FF /* Application */ = {
			isa = PBXGroup;
			children = (
				472D988A28E364E700B27C0B /* PullRequestsList */,
				47A9625528E1F6D1004934FF /* LaunchScreen.storyboard */,
				47A9625028E1F6D0004934FF /* Main.storyboard */,
			);
			path = Application;
			sourceTree = "<group>";
		};
		47A9626028E1F9AF004934FF /* AppDelegate */ = {
			isa = PBXGroup;
			children = (
				47A9624A28E1F6D0004934FF /* AppDelegate.swift */,
			);
			path = AppDelegate;
			sourceTree = "<group>";
		};
/* End PBXGroup section */

/* Begin PBXNativeTarget section */
		4714E5A428E6045700184591 /* GitPRsListTests */ = {
			isa = PBXNativeTarget;
			buildConfigurationList = 4714E5AB28E6045700184591 /* Build configuration list for PBXNativeTarget "GitPRsListTests" */;
			buildPhases = (
				4714E5A128E6045700184591 /* Sources */,
				4714E5A228E6045700184591 /* Frameworks */,
				4714E5A328E6045700184591 /* Resources */,
			);
			buildRules = (
			);
			dependencies = (
				4714E5AA28E6045700184591 /* PBXTargetDependency */,
			);
			name = GitPRsListTests;
			productName = GitPRsListTests;
			productReference = 4714E5A528E6045700184591 /* GitPRsListTests.xctest */;
			productType = "com.apple.product-type.bundle.unit-test";
		};
		47A9624628E1F6D0004934FF /* GitPRsList */ = {
			isa = PBXNativeTarget;
			buildConfigurationList = 47A9625B28E1F6D1004934FF /* Build configuration list for PBXNativeTarget "GitPRsList" */;
			buildPhases = (
				47A9624328E1F6D0004934FF /* Sources */,
				47A9624428E1F6D0004934FF /* Frameworks */,
				47A9624528E1F6D0004934FF /* Resources */,
			);
			buildRules = (
			);
			dependencies = (
			);
			name = GitPRsList;
			productName = GitPRsList;
			productReference = 47A9624728E1F6D0004934FF /* GitPRsList.app */;
			productType = "com.apple.product-type.application";
		};
/* End PBXNativeTarget section */

/* Begin PBXProject section */
		47A9623F28E1F6D0004934FF /* Project object */ = {
			isa = PBXProject;
			attributes = {
				BuildIndependentTargetsInParallel = 1;
				LastSwiftUpdateCheck = 1400;
				LastUpgradeCheck = 1400;
				TargetAttributes = {
					4714E5A428E6045700184591 = {
						CreatedOnToolsVersion = 14.0;
						TestTargetID = 47A9624628E1F6D0004934FF;
					};
					47A9624628E1F6D0004934FF = {
						CreatedOnToolsVersion = 14.0;
					};
				};
			};
			buildConfigurationList = 47A9624228E1F6D0004934FF /* Build configuration list for PBXProject "GitPRsList" */;
			compatibilityVersion = "Xcode 14.0";
			developmentRegion = en;
			hasScannedForEncodings = 0;
			knownRegions = (
				en,
				Base,
			);
			mainGroup = 47A9623E28E1F6D0004934FF;
			productRefGroup = 47A9624828E1F6D0004934FF /* Products */;
			projectDirPath = "";
			projectRoot = "";
			targets = (
				47A9624628E1F6D0004934FF /* GitPRsList */,
				4714E5A428E6045700184591 /* GitPRsListTests */,
			);
		};
/* End PBXProject section */

/* Begin PBXResourcesBuildPhase section */
		4714E5A328E6045700184591 /* Resources */ = {
			isa = PBXResourcesBuildPhase;
			buildActionMask = 2147483647;
			files = (
			);
			runOnlyForDeploymentPostprocessing = 0;
		};
		47A9624528E1F6D0004934FF /* Resources */ = {
			isa = PBXResourcesBuildPhase;
			buildActionMask = 2147483647;
			files = (
				4714E58C28E4BD0E00184591 /* PullRequestListTableViewCell.xib in Resources */,
				47A9625728E1F6D1004934FF /* LaunchScreen.storyboard in Resources */,
				47A9625428E1F6D1004934FF /* Assets.xcassets in Resources */,
				47A9625228E1F6D0004934FF /* Main.storyboard in Resources */,
			);
			runOnlyForDeploymentPostprocessing = 0;
		};
/* End PBXResourcesBuildPhase section */

/* Begin PBXSourcesBuildPhase section */
		4714E5A128E6045700184591 /* Sources */ = {
			isa = PBXSourcesBuildPhase;
			buildActionMask = 2147483647;
			files = (
				4714E5A828E6045700184591 /* GitPRsListTests.swift in Sources */,
			);
			runOnlyForDeploymentPostprocessing = 0;
		};
		47A9624328E1F6D0004934FF /* Sources */ = {
			isa = PBXSourcesBuildPhase;
			buildActionMask = 2147483647;
			files = (
				4714E58528E4B04700184591 /* PullRequestData.swift in Sources */,
				4714E57828E4AE2C00184591 /* PullRequestsListPresenter.swift in Sources */,
				4714E59328E4D45800184591 /* ImageDownloader.swift in Sources */,
				4714E58328E4AF3200184591 /* PullRequestUseCaseParameter.swift in Sources */,
				47A9624B28E1F6D0004934FF /* AppDelegate.swift in Sources */,
				472D989128E36A9500B27C0B /* PullRequestUseCase.swift in Sources */,
				4714E57E28E4AE6C00184591 /* PullRequestsListProtocols.swift in Sources */,
				4714E57628E3797B00184591 /* HTTPMethod.swift in Sources */,
				4714E58028E4AE7900184591 /* PullRequestsListConfigurator.swift in Sources */,
				4714E58B28E4BD0E00184591 /* PullRequestListTableViewCell.swift in Sources */,
				4714E59D28E4E1FD00184591 /* PullRequestCellViewModel.swift in Sources */,
				4714E58828E4B42200184591 /* PullRequestsListTableViewAdapter.swift in Sources */,
				4714E59128E4CD0200184591 /* APIClientInterface.swift in Sources */,
				4714E59928E4D56D00184591 /* ImageDownloadOperation.swift in Sources */,
				472D988F28E3678A00B27C0B /* PullRequestsListViewController.swift in Sources */,
				4714E57428E3796900184591 /* APIClientError.swift in Sources */,
				4714E57A28E4AE3A00184591 /* PullRequestsListInteractor.swift in Sources */,
				4714E57228E370A800184591 /* APIClient.swift in Sources */,
				4714E5A028E4E3C900184591 /* EnvironmentVariables.swift in Sources */,
			);
			runOnlyForDeploymentPostprocessing = 0;
		};
/* End PBXSourcesBuildPhase section */

/* Begin PBXTargetDependency section */
		4714E5AA28E6045700184591 /* PBXTargetDependency */ = {
			isa = PBXTargetDependency;
			target = 47A9624628E1F6D0004934FF /* GitPRsList */;
			targetProxy = 4714E5A928E6045700184591 /* PBXContainerItemProxy */;
		};
/* End PBXTargetDependency section */

/* Begin PBXVariantGroup section */
		47A9625028E1F6D0004934FF /* Main.storyboard */ = {
			isa = PBXVariantGroup;
			children = (
				47A9625128E1F6D0004934FF /* Base */,
			);
			name = Main.storyboard;
			sourceTree = "<group>";
		};
		47A9625528E1F6D1004934FF /* LaunchScreen.storyboard */ = {
			isa = PBXVariantGroup;
			children = (
				47A9625628E1F6D1004934FF /* Base */,
			);
			name = LaunchScreen.storyboard;
			sourceTree = "<group>";
		};
/* End PBXVariantGroup section */

/* Begin XCBuildConfiguration section */
		4714E5AC28E6045700184591 /* Debug */ = {
			isa = XCBuildConfiguration;
			buildSettings = {
				BUNDLE_LOADER = "$(TEST_HOST)";
				CODE_SIGN_STYLE = Automatic;
				CURRENT_PROJECT_VERSION = 1;
				GENERATE_INFOPLIST_FILE = YES;
				MARKETING_VERSION = 1.0;
				PRODUCT_BUNDLE_IDENTIFIER = com.ssj5.GitPRsListTests;
				PRODUCT_NAME = "$(TARGET_NAME)";
				SWIFT_EMIT_LOC_STRINGS = NO;
				SWIFT_VERSION = 5.0;
				TARGETED_DEVICE_FAMILY = "1,2";
				TEST_HOST = "$(BUILT_PRODUCTS_DIR)/GitPRsList.app/$(BUNDLE_EXECUTABLE_FOLDER_PATH)/GitPRsList";
			};
			name = Debug;
		};
		4714E5AD28E6045700184591 /* Release */ = {
			isa = XCBuildConfiguration;
			buildSettings = {
				BUNDLE_LOADER = "$(TEST_HOST)";
				CODE_SIGN_STYLE = Automatic;
				CURRENT_PROJECT_VERSION = 1;
				GENERATE_INFOPLIST_FILE = YES;
				MARKETING_VERSION = 1.0;
				PRODUCT_BUNDLE_IDENTIFIER = com.ssj5.GitPRsListTests;
				PRODUCT_NAME = "$(TARGET_NAME)";
				SWIFT_EMIT_LOC_STRINGS = NO;
				SWIFT_VERSION = 5.0;
				TARGETED_DEVICE_FAMILY = "1,2";
				TEST_HOST = "$(BUILT_PRODUCTS_DIR)/GitPRsList.app/$(BUNDLE_EXECUTABLE_FOLDER_PATH)/GitPRsList";
			};
			name = Release;
		};
		47A9625928E1F6D1004934FF /* Debug */ = {
			isa = XCBuildConfiguration;
			buildSettings = {
				ALWAYS_SEARCH_USER_PATHS = NO;
				CLANG_ANALYZER_NONNULL = YES;
				CLANG_ANALYZER_NUMBER_OBJECT_CONVERSION = YES_AGGRESSIVE;
				CLANG_CXX_LANGUAGE_STANDARD = "gnu++20";
				CLANG_ENABLE_MODULES = YES;
				CLANG_ENABLE_OBJC_ARC = YES;
				CLANG_ENABLE_OBJC_WEAK = YES;
				CLANG_WARN_BLOCK_CAPTURE_AUTORELEASING = YES;
				CLANG_WARN_BOOL_CONVERSION = YES;
				CLANG_WARN_COMMA = YES;
				CLANG_WARN_CONSTANT_CONVERSION = YES;
				CLANG_WARN_DEPRECATED_OBJC_IMPLEMENTATIONS = YES;
				CLANG_WARN_DIRECT_OBJC_ISA_USAGE = YES_ERROR;
				CLANG_WARN_DOCUMENTATION_COMMENTS = YES;
				CLANG_WARN_EMPTY_BODY = YES;
				CLANG_WARN_ENUM_CONVERSION = YES;
				CLANG_WARN_INFINITE_RECURSION = YES;
				CLANG_WARN_INT_CONVERSION = YES;
				CLANG_WARN_NON_LITERAL_NULL_CONVERSION = YES;
				CLANG_WARN_OBJC_IMPLICIT_RETAIN_SELF = YES;
				CLANG_WARN_OBJC_LITERAL_CONVERSION = YES;
				CLANG_WARN_OBJC_ROOT_CLASS = YES_ERROR;
				CLANG_WARN_QUOTED_INCLUDE_IN_FRAMEWORK_HEADER = YES;
				CLANG_WARN_RANGE_LOOP_ANALYSIS = YES;
				CLANG_WARN_STRICT_PROTOTYPES = YES;
				CLANG_WARN_SUSPICIOUS_MOVE = YES;
				CLANG_WARN_UNGUARDED_AVAILABILITY = YES_AGGRESSIVE;
				CLANG_WARN_UNREACHABLE_CODE = YES;
				CLANG_WARN__DUPLICATE_METHOD_MATCH = YES;
				COPY_PHASE_STRIP = NO;
				DEBUG_INFORMATION_FORMAT = dwarf;
				ENABLE_STRICT_OBJC_MSGSEND = YES;
				ENABLE_TESTABILITY = YES;
				GCC_C_LANGUAGE_STANDARD = gnu11;
				GCC_DYNAMIC_NO_PIC = NO;
				GCC_NO_COMMON_BLOCKS = YES;
				GCC_OPTIMIZATION_LEVEL = 0;
				GCC_PREPROCESSOR_DEFINITIONS = (
					"DEBUG=1",
					"$(inherited)",
				);
				GCC_WARN_64_TO_32_BIT_CONVERSION = YES;
				GCC_WARN_ABOUT_RETURN_TYPE = YES_ERROR;
				GCC_WARN_UNDECLARED_SELECTOR = YES;
				GCC_WARN_UNINITIALIZED_AUTOS = YES_AGGRESSIVE;
				GCC_WARN_UNUSED_FUNCTION = YES;
				GCC_WARN_UNUSED_VARIABLE = YES;
				IPHONEOS_DEPLOYMENT_TARGET = 16.0;
				MTL_ENABLE_DEBUG_INFO = INCLUDE_SOURCE;
				MTL_FAST_MATH = YES;
				ONLY_ACTIVE_ARCH = YES;
				SDKROOT = iphoneos;
				SWIFT_ACTIVE_COMPILATION_CONDITIONS = DEBUG;
				SWIFT_OPTIMIZATION_LEVEL = "-Onone";
			};
			name = Debug;
		};
		47A9625A28E1F6D1004934FF /* Release */ = {
			isa = XCBuildConfiguration;
			buildSettings = {
				ALWAYS_SEARCH_USER_PATHS = NO;
				CLANG_ANALYZER_NONNULL = YES;
				CLANG_ANALYZER_NUMBER_OBJECT_CONVERSION = YES_AGGRESSIVE;
				CLANG_CXX_LANGUAGE_STANDARD = "gnu++20";
				CLANG_ENABLE_MODULES = YES;
				CLANG_ENABLE_OBJC_ARC = YES;
				CLANG_ENABLE_OBJC_WEAK = YES;
				CLANG_WARN_BLOCK_CAPTURE_AUTORELEASING = YES;
				CLANG_WARN_BOOL_CONVERSION = YES;
				CLANG_WARN_COMMA = YES;
				CLANG_WARN_CONSTANT_CONVERSION = YES;
				CLANG_WARN_DEPRECATED_OBJC_IMPLEMENTATIONS = YES;
				CLANG_WARN_DIRECT_OBJC_ISA_USAGE = YES_ERROR;
				CLANG_WARN_DOCUMENTATION_COMMENTS = YES;
				CLANG_WARN_EMPTY_BODY = YES;
				CLANG_WARN_ENUM_CONVERSION = YES;
				CLANG_WARN_INFINITE_RECURSION = YES;
				CLANG_WARN_INT_CONVERSION = YES;
				CLANG_WARN_NON_LITERAL_NULL_CONVERSION = YES;
				CLANG_WARN_OBJC_IMPLICIT_RETAIN_SELF = YES;
				CLANG_WARN_OBJC_LITERAL_CONVERSION = YES;
				CLANG_WARN_OBJC_ROOT_CLASS = YES_ERROR;
				CLANG_WARN_QUOTED_INCLUDE_IN_FRAMEWORK_HEADER = YES;
				CLANG_WARN_RANGE_LOOP_ANALYSIS = YES;
				CLANG_WARN_STRICT_PROTOTYPES = YES;
				CLANG_WARN_SUSPICIOUS_MOVE = YES;
				CLANG_WARN_UNGUARDED_AVAILABILITY = YES_AGGRESSIVE;
				CLANG_WARN_UNREACHABLE_CODE = YES;
				CLANG_WARN__DUPLICATE_METHOD_MATCH = YES;
				COPY_PHASE_STRIP = NO;
				DEBUG_INFORMATION_FORMAT = "dwarf-with-dsym";
				ENABLE_NS_ASSERTIONS = NO;
				ENABLE_STRICT_OBJC_MSGSEND = YES;
				GCC_C_LANGUAGE_STANDARD = gnu11;
				GCC_NO_COMMON_BLOCKS = YES;
				GCC_WARN_64_TO_32_BIT_CONVERSION = YES;
				GCC_WARN_ABOUT_RETURN_TYPE = YES_ERROR;
				GCC_WARN_UNDECLARED_SELECTOR = YES;
				GCC_WARN_UNINITIALIZED_AUTOS = YES_AGGRESSIVE;
				GCC_WARN_UNUSED_FUNCTION = YES;
				GCC_WARN_UNUSED_VARIABLE = YES;
				IPHONEOS_DEPLOYMENT_TARGET = 16.0;
				MTL_ENABLE_DEBUG_INFO = NO;
				MTL_FAST_MATH = YES;
				SDKROOT = iphoneos;
				SWIFT_COMPILATION_MODE = wholemodule;
				SWIFT_OPTIMIZATION_LEVEL = "-O";
				VALIDATE_PRODUCT = YES;
			};
			name = Release;
		};
		47A9625C28E1F6D1004934FF /* Debug */ = {
			isa = XCBuildConfiguration;
			buildSettings = {
				ASSETCATALOG_COMPILER_APPICON_NAME = AppIcon;
				ASSETCATALOG_COMPILER_GLOBAL_ACCENT_COLOR_NAME = AccentColor;
				BASE_URL = "https://api.github.com";
				CODE_SIGN_STYLE = Automatic;
				CURRENT_PROJECT_VERSION = 1;
				GENERATE_INFOPLIST_FILE = YES;
				GIT_REPO_NAME = swift;
				GIT_USERNAME = apple;
				INFOPLIST_FILE = GitPRsList/Resources/Info.plist;
				INFOPLIST_KEY_UIApplicationSupportsIndirectInputEvents = YES;
				INFOPLIST_KEY_UILaunchStoryboardName = LaunchScreen;
				INFOPLIST_KEY_UIMainStoryboardFile = Main;
				INFOPLIST_KEY_UISupportedInterfaceOrientations = UIInterfaceOrientationPortrait;
				IPHONEOS_DEPLOYMENT_TARGET = 13.0;
				LD_RUNPATH_SEARCH_PATHS = (
					"$(inherited)",
					"@executable_path/Frameworks",
				);
				MARKETING_VERSION = 1.0;
				PRODUCT_BUNDLE_IDENTIFIER = com.ssj5.GitPRsList;
				PRODUCT_NAME = "$(TARGET_NAME)";
				SUPPORTED_PLATFORMS = "iphoneos iphonesimulator";
				SUPPORTS_MACCATALYST = NO;
				SUPPORTS_MAC_DESIGNED_FOR_IPHONE_IPAD = NO;
				SWIFT_EMIT_LOC_STRINGS = YES;
				SWIFT_VERSION = 5.0;
				TARGETED_DEVICE_FAMILY = 1;
			};
			name = Debug;
		};
		47A9625D28E1F6D1004934FF /* Release */ = {
			isa = XCBuildConfiguration;
			buildSettings = {
				ASSETCATALOG_COMPILER_APPICON_NAME = AppIcon;
				ASSETCATALOG_COMPILER_GLOBAL_ACCENT_COLOR_NAME = AccentColor;
				BASE_URL = "https://api.github.com";
				CODE_SIGN_STYLE = Automatic;
				CURRENT_PROJECT_VERSION = 1;
				GENERATE_INFOPLIST_FILE = YES;
				GIT_REPO_NAME = swift;
				GIT_USERNAME = apple;
				INFOPLIST_FILE = GitPRsList/Resources/Info.plist;
				INFOPLIST_KEY_UIApplicationSupportsIndirectInputEvents = YES;
				INFOPLIST_KEY_UILaunchStoryboardName = LaunchScreen;
				INFOPLIST_KEY_UIMainStoryboardFile = Main;
				INFOPLIST_KEY_UISupportedInterfaceOrientations = UIInterfaceOrientationPortrait;
				IPHONEOS_DEPLOYMENT_TARGET = 13.0;
				LD_RUNPATH_SEARCH_PATHS = (
					"$(inherited)",
					"@executable_path/Frameworks",
				);
				MARKETING_VERSION = 1.0;
				PRODUCT_BUNDLE_IDENTIFIER = com.ssj5.GitPRsList;
				PRODUCT_NAME = "$(TARGET_NAME)";
				SUPPORTED_PLATFORMS = "iphoneos iphonesimulator";
				SUPPORTS_MACCATALYST = NO;
				SUPPORTS_MAC_DESIGNED_FOR_IPHONE_IPAD = NO;
				SWIFT_EMIT_LOC_STRINGS = YES;
				SWIFT_VERSION = 5.0;
				TARGETED_DEVICE_FAMILY = 1;
			};
			name = Release;
		};
/* End XCBuildConfiguration section */

/* Begin XCConfigurationList section */
		4714E5AB28E6045700184591 /* Build configuration list for PBXNativeTarget "GitPRsListTests" */ = {
			isa = XCConfigurationList;
			buildConfigurations = (
				4714E5AC28E6045700184591 /* Debug */,
				4714E5AD28E6045700184591 /* Release */,
			);
			defaultConfigurationIsVisible = 0;
			defaultConfigurationName = Release;
		};
		47A9624228E1F6D0004934FF /* Build configuration list for PBXProject "GitPRsList" */ = {
			isa = XCConfigurationList;
			buildConfigurations = (
				47A9625928E1F6D1004934FF /* Debug */,
				47A9625A28E1F6D1004934FF /* Release */,
			);
			defaultConfigurationIsVisible = 0;
			defaultConfigurationName = Release;
		};
		47A9625B28E1F6D1004934FF /* Build configuration list for PBXNativeTarget "GitPRsList" */ = {
			isa = XCConfigurationList;
			buildConfigurations = (
				47A9625C28E1F6D1004934FF /* Debug */,
				47A9625D28E1F6D1004934FF /* Release */,
			);
			defaultConfigurationIsVisible = 0;
			defaultConfigurationName = Release;
		};
/* End XCConfigurationList section */
	};
	rootObject = 47A9623F28E1F6D0004934FF /* Project object */;
}
